
Microsoft Visual Studio Solution File, Format Version 12.00
Project("{FAE04EC0-301F-11D3-BF4B-00C04F79EFBC}") = "IpTvApp", "IpTvApp\IpTvApp.csproj", "{68828395-F05D-48B6-B198-C717486988D1}"
EndProject
Project("{FAE04EC0-301F-11D3-BF4B-00C04F79EFBC}") = "FakeIptvServer", "FakeIptvServer\FakeIptvServer.csproj", "{6D2FC3CE-85E1-4C95-90A0-C1B07CA9624F}"
EndProject
Global
	GlobalSection(SolutionConfigurationPlatforms) = preSolution
		Debug|Any CPU = Debug|Any CPU
		Release|Any CPU = Release|Any CPU
	EndGlobalSection
	GlobalSection(ProjectConfigurationPlatforms) = postSolution
		{68828395-F05D-48B6-B198-C717486988D1}.Debug|Any CPU.ActiveCfg = Debug|Any CPU
		{68828395-F05D-48B6-B198-C717486988D1}.Debug|Any CPU.Build.0 = Debug|Any CPU
		{68828395-F05D-48B6-B198-C717486988D1}.Release|Any CPU.ActiveCfg = Release|Any CPU
		{68828395-F05D-48B6-B198-C717486988D1}.Release|Any CPU.Build.0 = Release|Any CPU
		{6D2FC3CE-85E1-4C95-90A0-C1B07CA9624F}.Debug|Any CPU.ActiveCfg = Debug|Any CPU
		{6D2FC3CE-85E1-4C95-90A0-C1B07CA9624F}.Debug|Any CPU.Build.0 = Debug|Any CPU
		{6D2FC3CE-85E1-4C95-90A0-C1B07CA9624F}.Release|Any CPU.ActiveCfg = Release|Any CPU
		{6D2FC3CE-85E1-4C95-90A0-C1B07CA9624F}.Release|Any CPU.Build.0 = Release|Any CPU
	EndGlobalSection
EndGlobal
